
Microsoft Visual Studio Solution File, Format Version 12.00
# Visual Studio Version 17
VisualStudioVersion = 17.14.36414.22
MinimumVisualStudioVersion = 10.0.40219.1
Project("{FAE04EC0-301F-11D3-BF4B-00C04F79EFBC}") = "T.SQL.Mapper", "T.SQL.Mapper\T.SQL.Mapper.csproj", "{B822C4FC-8910-4670-BD72-DE42396A7261}"
EndProject
Project("{FAE04EC0-301F-11D3-BF4B-00C04F79EFBC}") = "T.SQL.Mapper.Old", "T.SQL.Mapper.Old\T.SQL.Mapper.Old.csproj", "{3BE1C1EE-43E8-466F-B0FA-EEB2C968584B}"
EndProject
Global
	GlobalSection(SolutionConfigurationPlatforms) = preSolution
		Debug|Any CPU = Debug|Any CPU
		Release|Any CPU = Release|Any CPU
	EndGlobalSection
	GlobalSection(ProjectConfigurationPlatforms) = postSolution
		{B822C4FC-8910-4670-BD72-DE42396A7261}.Debug|Any CPU.ActiveCfg = Debug|Any CPU
		{B822C4FC-8910-4670-BD72-DE42396A7261}.Debug|Any CPU.Build.0 = Debug|Any CPU
		{B822C4FC-8910-4670-BD72-DE42396A7261}.Release|Any CPU.ActiveCfg = Release|Any CPU
		{B822C4FC-8910-4670-BD72-DE42396A7261}.Release|Any CPU.Build.0 = Release|Any CPU
		{3BE1C1EE-43E8-466F-B0FA-EEB2C968584B}.Debug|Any CPU.ActiveCfg = Debug|Any CPU
		{3BE1C1EE-43E8-466F-B0FA-EEB2C968584B}.Debug|Any CPU.Build.0 = Debug|Any CPU
		{3BE1C1EE-43E8-466F-B0FA-EEB2C968584B}.Release|Any CPU.ActiveCfg = Release|Any CPU
		{3BE1C1EE-43E8-466F-B0FA-EEB2C968584B}.Release|Any CPU.Build.0 = Release|Any CPU
	EndGlobalSection
	GlobalSection(SolutionProperties) = preSolution
		HideSolutionNode = FALSE
	EndGlobalSection
	GlobalSection(ExtensibilityGlobals) = postSolution
		SolutionGuid = {C6B869CB-29AA-49EF-A3EE-6FFB30FB23C6}
	EndGlobalSection
EndGlobal
